version = 1
revision = 3
requires-python = ">=3.14"

[[package]]
name = "attrs"
version = "25.4.0"
source = { registry = "https://pypi.org/simple" }
sdist = { url = "https://files.pythonhosted.org/packages/6b/5c/685e6633917e101e5dcb62b9dd76946cbb57c26e133bae9e0cd36033c0a9/attrs-25.4.0.tar.gz", hash = "sha256:16d5969b87f0859ef33a48b35d55ac1be6e42ae49d5e853b597db70c35c57e11", size = 934251, upload-time = "2025-10-06T13:54:44.725Z" }
wheels = [
    { url = "https://files.pythonhosted.org/packages/3a/2a/7cc015f5b9f5db42b7d48157e23356022889fc354a2813c15934b7cb5c0e/attrs-25.4.0-py3-none-any.whl", hash = "sha256:adcf7e2a1fb3b36ac48d97835bb6d8ade15b8dcce26aba8bf1d14847b57a3373", size = 67615, upload-time = "2025-10-06T13:54:43.17Z" },
]

[[package]]
name = "basedpyright"
version = "1.34.0"
source = { registry = "https://pypi.org/simple" }
dependencies = [
    { name = "nodejs-wheel-binaries" },
]
sdist = { url = "https://files.pythonhosted.org/packages/a3/77/ded02ba2b400807b291fa2b9d29ac7f473e86a45d1f5212d8276e9029107/basedpyright-1.34.0.tar.gz", hash = "sha256:7ae3b06f644fac15fdd14a00d0d1f12f92a8205ae1609aabd5a0799b1a68be1d", size = 22803348, upload-time = "2025-11-19T14:48:16.38Z" }
wheels = [
    { url = "https://files.pythonhosted.org/packages/2a/9e/ced31964ed49f06be6197bd530958b6ddca9a079a8d7ee0ee7429cae9e27/basedpyright-1.34.0-py3-none-any.whl", hash = "sha256:e76015c1ebb671d2c6d7fef8a12bc0f1b9d15d74e17847b7b95a3a66e187c70f", size = 11865958, upload-time = "2025-11-19T14:48:13.724Z" },
]

[[package]]
name = "codespell"
version = "2.4.1"
source = { registry = "https://pypi.org/simple" }
sdist = { url = "https://files.pythonhosted.org/packages/15/e0/709453393c0ea77d007d907dd436b3ee262e28b30995ea1aa36c6ffbccaf/codespell-2.4.1.tar.gz", hash = "sha256:299fcdcb09d23e81e35a671bbe746d5ad7e8385972e65dbb833a2eaac33c01e5", size = 344740, upload-time = "2025-01-28T18:52:39.411Z" }
wheels = [
    { url = "https://files.pythonhosted.org/packages/20/01/b394922252051e97aab231d416c86da3d8a6d781eeadcdca1082867de64e/codespell-2.4.1-py3-none-any.whl", hash = "sha256:3dadafa67df7e4a3dbf51e0d7315061b80d265f9552ebd699b3dd6834b47e425", size = 344501, upload-time = "2025-01-28T18:52:37.057Z" },
]

[[package]]
name = "colorama"
version = "0.4.6"
source = { registry = "https://pypi.org/simple" }
sdist = { url = "https://files.pythonhosted.org/packages/d8/53/6f443c9a4a8358a93a6792e2acffb9d9d5cb0a5cfd8802644b7b1c9a02e4/colorama-0.4.6.tar.gz", hash = "sha256:08695f5cb7ed6e0531a20572697297273c47b8cae5a63ffc6d6ed5c201be6e44", size = 27697, upload-time = "2022-10-25T02:36:22.414Z" }
wheels = [
    { url = "https://files.pythonhosted.org/packages/d1/d6/3965ed04c63042e047cb6a3e6ed1a63a35087b6a609aa3a15ed8ac56c221/colorama-0.4.6-py2.py3-none-any.whl", hash = "sha256:4f1d9991f5acc0ca119f9d443620b77f9d6b33703e51011c16baf57afb285fc6", size = 25335, upload-time = "2022-10-25T02:36:20.889Z" },
]

[[package]]
name = "coverage"
version = "7.12.0"
source = { registry = "https://pypi.org/simple" }
sdist = { url = "https://files.pythonhosted.org/packages/89/26/4a96807b193b011588099c3b5c89fbb05294e5b90e71018e065465f34eb6/coverage-7.12.0.tar.gz", hash = "sha256:fc11e0a4e372cb5f282f16ef90d4a585034050ccda536451901abfb19a57f40c", size = 819341, upload-time = "2025-11-18T13:34:20.766Z" }
wheels = [
    { url = "https://files.pythonhosted.org/packages/bf/2e/fc12db0883478d6e12bbd62d481210f0c8daf036102aa11434a0c5755825/coverage-7.12.0-cp314-cp314-macosx_10_15_x86_64.whl", hash = "sha256:a1c59b7dc169809a88b21a936eccf71c3895a78f5592051b1af8f4d59c2b4f92", size = 217777, upload-time = "2025-11-18T13:33:32.86Z" },
    { url = "https://files.pythonhosted.org/packages/1f/c1/ce3e525d223350c6ec16b9be8a057623f54226ef7f4c2fee361ebb6a02b8/coverage-7.12.0-cp314-cp314-macosx_11_0_arm64.whl", hash = "sha256:8787b0f982e020adb732b9f051f3e49dd5054cebbc3f3432061278512a2b1360", size = 218100, upload-time = "2025-11-18T13:33:34.532Z" },
    { url = "https://files.pythonhosted.org/packages/15/87/113757441504aee3808cb422990ed7c8bcc2d53a6779c66c5adef0942939/coverage-7.12.0-cp314-cp314-manylinux1_i686.manylinux_2_28_i686.manylinux_2_5_i686.whl", hash = "sha256:5ea5a9f7dc8877455b13dd1effd3202e0bca72f6f3ab09f9036b1bcf728f69ac", size = 249151, upload-time = "2025-11-18T13:33:36.135Z" },
    { url = "https://files.pythonhosted.org/packages/d9/1d/9529d9bd44049b6b05bb319c03a3a7e4b0a8a802d28fa348ad407e10706d/coverage-7.12.0-cp314-cp314-manylinux1_x86_64.manylinux_2_28_x86_64.manylinux_2_5_x86_64.whl", hash = "sha256:fdba9f15849534594f60b47c9a30bc70409b54947319a7c4fd0e8e3d8d2f355d", size = 251667, upload-time = "2025-11-18T13:33:37.996Z" },
    { url = "https://files.pythonhosted.org/packages/11/bb/567e751c41e9c03dc29d3ce74b8c89a1e3396313e34f255a2a2e8b9ebb56/coverage-7.12.0-cp314-cp314-manylinux2014_aarch64.manylinux_2_17_aarch64.manylinux_2_28_aarch64.whl", hash = "sha256:a00594770eb715854fb1c57e0dea08cce6720cfbc531accdb9850d7c7770396c", size = 253003, upload-time = "2025-11-18T13:33:39.553Z" },
    { url = "https://files.pythonhosted.org/packages/e4/b3/c2cce2d8526a02fb9e9ca14a263ca6fc074449b33a6afa4892838c903528/coverage-7.12.0-cp314-cp314-manylinux_2_31_riscv64.manylinux_2_39_riscv64.whl", hash = "sha256:5560c7e0d82b42eb1951e4f68f071f8017c824ebfd5a6ebe42c60ac16c6c2434", size = 249185, upload-time = "2025-11-18T13:33:42.086Z" },
    { url = "https://files.pythonhosted.org/packages/0e/a7/967f93bb66e82c9113c66a8d0b65ecf72fc865adfba5a145f50c7af7e58d/coverage-7.12.0-cp314-cp314-musllinux_1_2_aarch64.whl", hash = "sha256:d6c2e26b481c9159c2773a37947a9718cfdc58893029cdfb177531793e375cfc", size = 251025, upload-time = "2025-11-18T13:33:43.634Z" },
    { url = "https://files.pythonhosted.org/packages/b9/b2/f2f6f56337bc1af465d5b2dc1ee7ee2141b8b9272f3bf6213fcbc309a836/coverage-7.12.0-cp314-cp314-musllinux_1_2_i686.whl", hash = "sha256:6e1a8c066dabcde56d5d9fed6a66bc19a2883a3fe051f0c397a41fc42aedd4cc", size = 248979, upload-time = "2025-11-18T13:33:46.04Z" },
    { url = "https://files.pythonhosted.org/packages/f4/7a/bf4209f45a4aec09d10a01a57313a46c0e0e8f4c55ff2965467d41a92036/coverage-7.12.0-cp314-cp314-musllinux_1_2_riscv64.whl", hash = "sha256:f7ba9da4726e446d8dd8aae5a6cd872511184a5d861de80a86ef970b5dacce3e", size = 248800, upload-time = "2025-11-18T13:33:47.546Z" },
    { url = "https://files.pythonhosted.org/packages/b8/b7/1e01b8696fb0521810f60c5bbebf699100d6754183e6cc0679bf2ed76531/coverage-7.12.0-cp314-cp314-musllinux_1_2_x86_64.whl", hash = "sha256:e0f483ab4f749039894abaf80c2f9e7ed77bbf3c737517fb88c8e8e305896a17", size = 250460, upload-time = "2025-11-18T13:33:49.537Z" },
    { url = "https://files.pythonhosted.org/packages/71/ae/84324fb9cb46c024760e706353d9b771a81b398d117d8c1fe010391c186f/coverage-7.12.0-cp314-cp314-win32.whl", hash = "sha256:76336c19a9ef4a94b2f8dc79f8ac2da3f193f625bb5d6f51a328cd19bfc19933", size = 220533, upload-time = "2025-11-18T13:33:51.16Z" },
    { url = "https://files.pythonhosted.org/packages/e2/71/1033629deb8460a8f97f83e6ac4ca3b93952e2b6f826056684df8275e015/coverage-7.12.0-cp314-cp314-win_amd64.whl", hash = "sha256:7c1059b600aec6ef090721f8f633f60ed70afaffe8ecab85b59df748f24b31fe", size = 221348, upload-time = "2025-11-18T13:33:52.776Z" },
    { url = "https://files.pythonhosted.org/packages/0a/5f/ac8107a902f623b0c251abdb749be282dc2ab61854a8a4fcf49e276fce2f/coverage-7.12.0-cp314-cp314-win_arm64.whl", hash = "sha256:172cf3a34bfef42611963e2b661302a8931f44df31629e5b1050567d6b90287d", size = 219922, upload-time = "2025-11-18T13:33:54.316Z" },
    { url = "https://files.pythonhosted.org/packages/79/6e/f27af2d4da367f16077d21ef6fe796c874408219fa6dd3f3efe7751bd910/coverage-7.12.0-cp314-cp314t-macosx_10_15_x86_64.whl", hash = "sha256:aa7d48520a32cb21c7a9b31f81799e8eaec7239db36c3b670be0fa2403828d1d", size = 218511, upload-time = "2025-11-18T13:33:56.343Z" },
    { url = "https://files.pythonhosted.org/packages/67/dd/65fd874aa460c30da78f9d259400d8e6a4ef457d61ab052fd248f0050558/coverage-7.12.0-cp314-cp314t-macosx_11_0_arm64.whl", hash = "sha256:90d58ac63bc85e0fb919f14d09d6caa63f35a5512a2205284b7816cafd21bb03", size = 218771, upload-time = "2025-11-18T13:33:57.966Z" },
    { url = "https://files.pythonhosted.org/packages/55/e0/7c6b71d327d8068cb79c05f8f45bf1b6145f7a0de23bbebe63578fe5240a/coverage-7.12.0-cp314-cp314t-manylinux1_i686.manylinux_2_28_i686.manylinux_2_5_i686.whl", hash = "sha256:ca8ecfa283764fdda3eae1bdb6afe58bf78c2c3ec2b2edcb05a671f0bba7b3f9", size = 260151, upload-time = "2025-11-18T13:33:59.597Z" },
    { url = "https://files.pythonhosted.org/packages/49/ce/4697457d58285b7200de6b46d606ea71066c6e674571a946a6ea908fb588/coverage-7.12.0-cp314-cp314t-manylinux1_x86_64.manylinux_2_28_x86_64.manylinux_2_5_x86_64.whl", hash = "sha256:874fe69a0785d96bd066059cd4368022cebbec1a8958f224f0016979183916e6", size = 262257, upload-time = "2025-11-18T13:34:01.166Z" },
    { url = "https://files.pythonhosted.org/packages/2f/33/acbc6e447aee4ceba88c15528dbe04a35fb4d67b59d393d2e0d6f1e242c1/coverage-7.12.0-cp314-cp314t-manylinux2014_aarch64.manylinux_2_17_aarch64.manylinux_2_28_aarch64.whl", hash = "sha256:5b3c889c0b8b283a24d721a9eabc8ccafcfc3aebf167e4cd0d0e23bf8ec4e339", size = 264671, upload-time = "2025-11-18T13:34:02.795Z" },
    { url = "https://files.pythonhosted.org/packages/87/ec/e2822a795c1ed44d569980097be839c5e734d4c0c1119ef8e0a073496a30/coverage-7.12.0-cp314-cp314t-manylinux_2_31_riscv64.manylinux_2_39_riscv64.whl", hash = "sha256:8bb5b894b3ec09dcd6d3743229dc7f2c42ef7787dc40596ae04c0edda487371e", size = 259231, upload-time = "2025-11-18T13:34:04.397Z" },
    { url = "https://files.pythonhosted.org/packages/72/c5/a7ec5395bb4a49c9b7ad97e63f0c92f6bf4a9e006b1393555a02dae75f16/coverage-7.12.0-cp314-cp314t-musllinux_1_2_aarch64.whl", hash = "sha256:79a44421cd5fba96aa57b5e3b5a4d3274c449d4c622e8f76882d76635501fd13", size = 262137, upload-time = "2025-11-18T13:34:06.068Z" },
    { url = "https://files.pythonhosted.org/packages/67/0c/02c08858b764129f4ecb8e316684272972e60777ae986f3865b10940bdd6/coverage-7.12.0-cp314-cp314t-musllinux_1_2_i686.whl", hash = "sha256:33baadc0efd5c7294f436a632566ccc1f72c867f82833eb59820ee37dc811c6f", size = 259745, upload-time = "2025-11-18T13:34:08.04Z" },
    { url = "https://files.pythonhosted.org/packages/5a/04/4fd32b7084505f3829a8fe45c1a74a7a728cb251aaadbe3bec04abcef06d/coverage-7.12.0-cp314-cp314t-musllinux_1_2_riscv64.whl", hash = "sha256:c406a71f544800ef7e9e0000af706b88465f3573ae8b8de37e5f96c59f689ad1", size = 258570, upload-time = "2025-11-18T13:34:09.676Z" },
    { url = "https://files.pythonhosted.org/packages/48/35/2365e37c90df4f5342c4fa202223744119fe31264ee2924f09f074ea9b6d/coverage-7.12.0-cp314-cp314t-musllinux_1_2_x86_64.whl", hash = "sha256:e71bba6a40883b00c6d571599b4627f50c360b3d0d02bfc658168936be74027b", size = 260899, upload-time = "2025-11-18T13:34:11.259Z" },
    { url = "https://files.pythonhosted.org/packages/05/56/26ab0464ca733fa325e8e71455c58c1c374ce30f7c04cebb88eabb037b18/coverage-7.12.0-cp314-cp314t-win32.whl", hash = "sha256:9157a5e233c40ce6613dead4c131a006adfda70e557b6856b97aceed01b0e27a", size = 221313, upload-time = "2025-11-18T13:34:12.863Z" },
    { url = "https://files.pythonhosted.org/packages/da/1c/017a3e1113ed34d998b27d2c6dba08a9e7cb97d362f0ec988fcd873dcf81/coverage-7.12.0-cp314-cp314t-win_amd64.whl", hash = "sha256:e84da3a0fd233aeec797b981c51af1cabac74f9bd67be42458365b30d11b5291", size = 222423, upload-time = "2025-11-18T13:34:15.14Z" },
    { url = "https://files.pythonhosted.org/packages/4c/36/bcc504fdd5169301b52568802bb1b9cdde2e27a01d39fbb3b4b508ab7c2c/coverage-7.12.0-cp314-cp314t-win_arm64.whl", hash = "sha256:01d24af36fedda51c2b1aca56e4330a3710f83b02a5ff3743a6b015ffa7c9384", size = 220459, upload-time = "2025-11-18T13:34:17.222Z" },
    { url = "https://files.pythonhosted.org/packages/ce/a3/43b749004e3c09452e39bb56347a008f0a0668aad37324a99b5c8ca91d9e/coverage-7.12.0-py3-none-any.whl", hash = "sha256:159d50c0b12e060b15ed3d39f87ed43d4f7f7ad40b8a534f4dd331adbb51104a", size = 209503, upload-time = "2025-11-18T13:34:18.892Z" },
]

[[package]]
name = "cyclopts"
version = "4.3.0"
source = { registry = "https://pypi.org/simple" }
dependencies = [
    { name = "attrs" },
    { name = "docstring-parser" },
    { name = "rich" },
    { name = "rich-rst" },
]
sdist = { url = "https://files.pythonhosted.org/packages/1b/0f/fe026df2ab8301e30a2b0bd425ff1462ad858fd4f991c1ac0389c2059c24/cyclopts-4.3.0.tar.gz", hash = "sha256:e95179cd0a959ce250ecfb2f0262a5996a92c1f9467bccad2f3d829e6833cef5", size = 151411, upload-time = "2025-11-25T02:59:33.572Z" }
wheels = [
    { url = "https://files.pythonhosted.org/packages/7a/e8/77a231ae531cf38765b75ddf27dae28bb5f70b41d8bb4f15ce1650e93f57/cyclopts-4.3.0-py3-none-any.whl", hash = "sha256:91a30b69faf128ada7cfeaefd7d9649dc222e8b2a8697f1fc99e4ee7b7ca44f3", size = 187184, upload-time = "2025-11-25T02:59:32.21Z" },
]

[[package]]
name = "docstring-parser"
version = "0.17.0"
source = { registry = "https://pypi.org/simple" }
sdist = { url = "https://files.pythonhosted.org/packages/b2/9d/c3b43da9515bd270df0f80548d9944e389870713cc1fe2b8fb35fe2bcefd/docstring_parser-0.17.0.tar.gz", hash = "sha256:583de4a309722b3315439bb31d64ba3eebada841f2e2cee23b99df001434c912", size = 27442, upload-time = "2025-07-21T07:35:01.868Z" }
wheels = [
    { url = "https://files.pythonhosted.org/packages/55/e2/2537ebcff11c1ee1ff17d8d0b6f4db75873e3b0fb32c2d4a2ee31ecb310a/docstring_parser-0.17.0-py3-none-any.whl", hash = "sha256:cf2569abd23dce8099b300f9b4fa8191e9582dda731fd533daf54c4551658708", size = 36896, upload-time = "2025-07-21T07:35:00.684Z" },
]

[[package]]
name = "docutils"
version = "0.22.3"
source = { registry = "https://pypi.org/simple" }
sdist = { url = "https://files.pythonhosted.org/packages/d9/02/111134bfeb6e6c7ac4c74594e39a59f6c0195dc4846afbeac3cba60f1927/docutils-0.22.3.tar.gz", hash = "sha256:21486ae730e4ca9f622677b1412b879af1791efcfba517e4c6f60be543fc8cdd", size = 2290153, upload-time = "2025-11-06T02:35:55.655Z" }
wheels = [
    { url = "https://files.pythonhosted.org/packages/11/a8/c6a4b901d17399c77cd81fb001ce8961e9f5e04d3daf27e8925cb012e163/docutils-0.22.3-py3-none-any.whl", hash = "sha256:bd772e4aca73aff037958d44f2be5229ded4c09927fcf8690c577b66234d6ceb", size = 633032, upload-time = "2025-11-06T02:35:52.391Z" },
]

[[package]]
name = "hypothesis"
version = "6.148.2"
source = { registry = "https://pypi.org/simple" }
dependencies = [
    { name = "sortedcontainers" },
]
sdist = { url = "https://files.pythonhosted.org/packages/4a/99/a3c6eb3fdd6bfa01433d674b0f12cd9102aa99630689427422d920aea9c6/hypothesis-6.148.2.tar.gz", hash = "sha256:07e65d34d687ddff3e92a3ac6b43966c193356896813aec79f0a611c5018f4b1", size = 469984, upload-time = "2025-11-18T20:21:17.047Z" }
wheels = [
    { url = "https://files.pythonhosted.org/packages/b1/d2/c2673aca0127e204965e0e9b3b7a0e91e9b12993859ac8758abd22669b89/hypothesis-6.148.2-py3-none-any.whl", hash = "sha256:bf8ddc829009da73b321994b902b1964bcc3e5c3f0ed9a1c1e6a1631ab97c5fa", size = 536986, upload-time = "2025-11-18T20:21:15.212Z" },
]

[[package]]
name = "iniconfig"
version = "2.3.0"
source = { registry = "https://pypi.org/simple" }
sdist = { url = "https://files.pythonhosted.org/packages/72/34/14ca021ce8e5dfedc35312d08ba8bf51fdd999c576889fc2c24cb97f4f10/iniconfig-2.3.0.tar.gz", hash = "sha256:c76315c77db068650d49c5b56314774a7804df16fee4402c1f19d6d15d8c4730", size = 20503, upload-time = "2025-10-18T21:55:43.219Z" }
wheels = [
    { url = "https://files.pythonhosted.org/packages/cb/b1/3846dd7f199d53cb17f49cba7e651e9ce294d8497c8c150530ed11865bb8/iniconfig-2.3.0-py3-none-any.whl", hash = "sha256:f631c04d2c48c52b84d0d0549c99ff3859c98df65b3101406327ecc7d53fbf12", size = 7484, upload-time = "2025-10-18T21:55:41.639Z" },
]

[[package]]
name = "markdown-it-py"
version = "4.0.0"
source = { registry = "https://pypi.org/simple" }
dependencies = [
    { name = "mdurl" },
]
sdist = { url = "https://files.pythonhosted.org/packages/5b/f5/4ec618ed16cc4f8fb3b701563655a69816155e79e24a17b651541804721d/markdown_it_py-4.0.0.tar.gz", hash = "sha256:cb0a2b4aa34f932c007117b194e945bd74e0ec24133ceb5bac59009cda1cb9f3", size = 73070, upload-time = "2025-08-11T12:57:52.854Z" }
wheels = [
    { url = "https://files.pythonhosted.org/packages/94/54/e7d793b573f298e1c9013b8c4dade17d481164aa517d1d7148619c2cedbf/markdown_it_py-4.0.0-py3-none-any.whl", hash = "sha256:87327c59b172c5011896038353a81343b6754500a08cd7a4973bb48c6d578147", size = 87321, upload-time = "2025-08-11T12:57:51.923Z" },
]

[[package]]
name = "mdurl"
version = "0.1.2"
source = { registry = "https://pypi.org/simple" }
sdist = { url = "https://files.pythonhosted.org/packages/d6/54/cfe61301667036ec958cb99bd3efefba235e65cdeb9c84d24a8293ba1d90/mdurl-0.1.2.tar.gz", hash = "sha256:bb413d29f5eea38f31dd4754dd7377d4465116fb207585f97bf925588687c1ba", size = 8729, upload-time = "2022-08-14T12:40:10.846Z" }
wheels = [
    { url = "https://files.pythonhosted.org/packages/b3/38/89ba8ad64ae25be8de66a6d463314cf1eb366222074cfda9ee839c56a4b4/mdurl-0.1.2-py3-none-any.whl", hash = "sha256:84008a41e51615a49fc9966191ff91509e3c40b939176e643fd50a5c2196b8f8", size = 9979, upload-time = "2022-08-14T12:40:09.779Z" },
]

[[package]]
name = "nodejs-wheel-binaries"
version = "24.11.1"
source = { registry = "https://pypi.org/simple" }
sdist = { url = "https://files.pythonhosted.org/packages/e4/89/da307731fdbb05a5f640b26de5b8ac0dc463fef059162accfc89e32f73bc/nodejs_wheel_binaries-24.11.1.tar.gz", hash = "sha256:413dfffeadfb91edb4d8256545dea797c237bba9b3faefea973cde92d96bb922", size = 8059, upload-time = "2025-11-18T18:21:58.207Z" }
wheels = [
    { url = "https://files.pythonhosted.org/packages/e4/5f/be5a4112e678143d4c15264d918f9a2dc086905c6426eb44515cf391a958/nodejs_wheel_binaries-24.11.1-py2.py3-none-macosx_13_0_arm64.whl", hash = "sha256:0e14874c3579def458245cdbc3239e37610702b0aa0975c1dc55e2cb80e42102", size = 55114309, upload-time = "2025-11-18T18:21:21.697Z" },
    { url = "https://files.pythonhosted.org/packages/fa/1c/2e9d6af2ea32b65928c42b3e5baa7a306870711d93c3536cb25fc090a80d/nodejs_wheel_binaries-24.11.1-py2.py3-none-macosx_13_0_x86_64.whl", hash = "sha256:c2741525c9874b69b3e5a6d6c9179a6fe484ea0c3d5e7b7c01121c8e5d78b7e2", size = 55285957, upload-time = "2025-11-18T18:21:27.177Z" },
    { url = "https://files.pythonhosted.org/packages/d0/79/35696d7ba41b1bd35ef8682f13d46ba38c826c59e58b86b267458eb53d87/nodejs_wheel_binaries-24.11.1-py2.py3-none-manylinux_2_28_aarch64.whl", hash = "sha256:5ef598101b0fb1c2bf643abb76dfbf6f76f1686198ed17ae46009049ee83c546", size = 59645875, upload-time = "2025-11-18T18:21:33.004Z" },
    { url = "https://files.pythonhosted.org/packages/b4/98/2a9694adee0af72bc602a046b0632a0c89e26586090c558b1c9199b187cc/nodejs_wheel_binaries-24.11.1-py2.py3-none-manylinux_2_28_x86_64.whl", hash = "sha256:cde41d5e4705266688a8d8071debf4f8a6fcea264c61292782672ee75a6905f9", size = 60140941, upload-time = "2025-11-18T18:21:37.228Z" },
    { url = "https://files.pythonhosted.org/packages/d0/d6/573e5e2cba9d934f5f89d0beab00c3315e2e6604eb4df0fcd1d80c5a07a8/nodejs_wheel_binaries-24.11.1-py2.py3-none-musllinux_1_2_aarch64.whl", hash = "sha256:78bc5bb889313b565df8969bb7423849a9c7fc218bf735ff0ce176b56b3e96f0", size = 61644243, upload-time = "2025-11-18T18:21:43.325Z" },
    { url = "https://files.pythonhosted.org/packages/c7/e6/643234d5e94067df8ce8d7bba10f3804106668f7a1050aeb10fdd226ead4/nodejs_wheel_binaries-24.11.1-py2.py3-none-musllinux_1_2_x86_64.whl", hash = "sha256:c79a7e43869ccecab1cae8183778249cceb14ca2de67b5650b223385682c6239", size = 62225657, upload-time = "2025-11-18T18:21:47.708Z" },
    { url = "https://files.pythonhosted.org/packages/4d/1c/2fb05127102a80225cab7a75c0e9edf88a0a1b79f912e1e36c7c1aaa8f4e/nodejs_wheel_binaries-24.11.1-py2.py3-none-win_amd64.whl", hash = "sha256:10197b1c9c04d79403501766f76508b0dac101ab34371ef8a46fcf51773497d0", size = 41322308, upload-time = "2025-11-18T18:21:51.347Z" },
    { url = "https://files.pythonhosted.org/packages/ad/b7/bc0cdbc2cc3a66fcac82c79912e135a0110b37b790a14c477f18e18d90cd/nodejs_wheel_binaries-24.11.1-py2.py3-none-win_arm64.whl", hash = "sha256:376b9ea1c4bc1207878975dfeb604f7aa5668c260c6154dcd2af9d42f7734116", size = 39026497, upload-time = "2025-11-18T18:21:54.634Z" },
]

[[package]]
name = "packaging"
version = "25.0"
source = { registry = "https://pypi.org/simple" }
sdist = { url = "https://files.pythonhosted.org/packages/a1/d4/1fc4078c65507b51b96ca8f8c3ba19e6a61c8253c72794544580a7b6c24d/packaging-25.0.tar.gz", hash = "sha256:d443872c98d677bf60f6a1f2f8c1cb748e8fe762d2bf9d3148b5599295b0fc4f", size = 165727, upload-time = "2025-04-19T11:48:59.673Z" }
wheels = [
    { url = "https://files.pythonhosted.org/packages/20/12/38679034af332785aac8774540895e234f4d07f7545804097de4b666afd8/packaging-25.0-py3-none-any.whl", hash = "sha256:29572ef2b1f17581046b3a2227d5c611fb25ec70ca1ba8554b24b0e69331a484", size = 66469, upload-time = "2025-04-19T11:48:57.875Z" },
]

[[package]]
name = "pathspec"
version = "0.12.1"
source = { registry = "https://pypi.org/simple" }
sdist = { url = "https://files.pythonhosted.org/packages/ca/bc/f35b8446f4531a7cb215605d100cd88b7ac6f44ab3fc94870c120ab3adbf/pathspec-0.12.1.tar.gz", hash = "sha256:a482d51503a1ab33b1c67a6c3813a26953dbdc71c31dacaef9a838c4e29f5712", size = 51043, upload-time = "2023-12-10T22:30:45Z" }
wheels = [
    { url = "https://files.pythonhosted.org/packages/cc/20/ff623b09d963f88bfde16306a54e12ee5ea43e9b597108672ff3a408aad6/pathspec-0.12.1-py3-none-any.whl", hash = "sha256:a0d503e138a4c123b27490a4f7beda6a01c6f288df0e4a8b79c7eb0dc7b4cc08", size = 31191, upload-time = "2023-12-10T22:30:43.14Z" },
]

[[package]]
name = "pluggy"
version = "1.6.0"
source = { registry = "https://pypi.org/simple" }
sdist = { url = "https://files.pythonhosted.org/packages/f9/e2/3e91f31a7d2b083fe6ef3fa267035b518369d9511ffab804f839851d2779/pluggy-1.6.0.tar.gz", hash = "sha256:7dcc130b76258d33b90f61b658791dede3486c3e6bfb003ee5c9bfb396dd22f3", size = 69412, upload-time = "2025-05-15T12:30:07.975Z" }
wheels = [
    { url = "https://files.pythonhosted.org/packages/54/20/4d324d65cc6d9205fabedc306948156824eb9f0ee1633355a8f7ec5c66bf/pluggy-1.6.0-py3-none-any.whl", hash = "sha256:e920276dd6813095e9377c0bc5566d94c932c33b27a3e3945d8389c374dd4746", size = 20538, upload-time = "2025-05-15T12:30:06.134Z" },
]

[[package]]
name = "prek"
version = "0.2.18"
source = { registry = "https://pypi.org/simple" }
sdist = { url = "https://files.pythonhosted.org/packages/04/78/4bfb14e48197a90962d1d6c62194621057b6227212ef1de18965f80f2af6/prek-0.2.18.tar.gz", hash = "sha256:88d6ff5343d3613d88799ddc47c9ab22d98b4b8e2c389b535310562e11eac452", size = 347127, upload-time = "2025-11-21T12:53:30.809Z" }
wheels = [
    { url = "https://files.pythonhosted.org/packages/a9/38/fb45e4575394199c035ed03209f93e0a5b7ce7babf15ba6de1cc88aac44e/prek-0.2.18-py3-none-linux_armv6l.whl", hash = "sha256:9edd3f1e1dd1426b987b90aaf2fdebfd70061cbf2111973d22626700593fa26b", size = 4685576, upload-time = "2025-11-21T12:53:06.925Z" },
    { url = "https://files.pythonhosted.org/packages/d1/17/da6f33ddd91540958af01ffb5c4d2c086766ba68026fa535720eaf3c36f2/prek-0.2.18-py3-none-macosx_10_12_x86_64.whl", hash = "sha256:cc723ad71b8f2345e9ce2622a7a863e63dcdbf157600de6f0b40b5e5cece04e0", size = 4759798, upload-time = "2025-11-21T12:53:08.431Z" },
    { url = "https://files.pythonhosted.org/packages/0b/78/8a7c6d8c30abd27c6043f65a692021de4e5ac3d59a21dbf295e8b079a9f5/prek-0.2.18-py3-none-macosx_11_0_arm64.whl", hash = "sha256:b4833e771aab7732fcbabd41f4a613c437e1db622f3de6a389efb83cd1859cb7", size = 4494025, upload-time = "2025-11-21T12:53:09.973Z" },
    { url = "https://files.pythonhosted.org/packages/97/8e/5e640218bdbc221984527859a489620b768b8481280feaf760c3a1511017/prek-0.2.18-py3-none-manylinux_2_17_aarch64.manylinux2014_aarch64.musllinux_1_1_aarch64.whl", hash = "sha256:1c532d08ebe3d5585927b40d5625780848357f06a8995d80a4c16e12c79fc1ed", size = 4693834, upload-time = "2025-11-21T12:53:11.129Z" },
    { url = "https://files.pythonhosted.org/packages/b4/eb/801f19208e77ff56dabe58c44ff4e2045c870e3af10ad66b1e03624ec674/prek-0.2.18-py3-none-manylinux_2_17_armv7l.manylinux2014_armv7l.whl", hash = "sha256:845f47e3d8fcc8f6b68eb90784856371b7ec681cd555cdee602d4aa0a1d98858", size = 4618852, upload-time = "2025-11-21T12:53:12.361Z" },
    { url = "https://files.pythonhosted.org/packages/bd/59/f3099b7fc927192f82793ec51cf40b8bb237f07735bb7143efc3cfb431ca/prek-0.2.18-py3-none-manylinux_2_17_i686.manylinux2014_i686.whl", hash = "sha256:af94f0e576295db9df6ba8755f49e19ed8d58f3a3b9255f5e6a5a2e1949ddb5e", size = 4898860, upload-time = "2025-11-21T12:53:13.738Z" },
    { url = "https://files.pythonhosted.org/packages/a8/82/66b709652aae6ec4e949cc9ea926b02f892346be882b291d7d37ae3b034f/prek-0.2.18-py3-none-manylinux_2_17_ppc64.manylinux2014_ppc64.whl", hash = "sha256:e10a8d5180b72de83ee66164dc58999651eded88274f3fb0fc51a8df90debd41", size = 5324224, upload-time = "2025-11-21T12:53:15.081Z" },
    { url = "https://files.pythonhosted.org/packages/65/80/0782c0e3441a302b023e9072769ed3bf930e20cca44b5d892210735bf46b/prek-0.2.18-py3-none-manylinux_2_17_ppc64le.manylinux2014_ppc64le.whl", hash = "sha256:49bd9f1ef0e2f091b401bc3207e55ecfc0a051529ca1113badf5b55fa15b8cee", size = 5268110, upload-time = "2025-11-21T12:53:16.338Z" },
    { url = "https://files.pythonhosted.org/packages/06/ca/ecc58fd6ae7a7d51127cb3f2310c7c299b76702f06a5f8ae8d091e49464e/prek-0.2.18-py3-none-manylinux_2_17_s390x.manylinux2014_s390x.whl", hash = "sha256:fa9d62fcfcb0076813f46787a8418f92d5ed0047c16b002f4219191f3c7828b8", size = 5335313, upload-time = "2025-11-21T12:53:17.58Z" },
    { url = "https://files.pythonhosted.org/packages/30/7a/a5a1514bf5c16eeb439e0dd933ae4516604e828bacced4214e72f4bdbbf4/prek-0.2.18-py3-none-manylinux_2_17_x86_64.manylinux2014_x86_64.whl", hash = "sha256:fc3255bc6ebb850ca66892b95ecf6e33cd0009baa9fa0de5aed591efb79c035a", size = 4948381, upload-time = "2025-11-21T12:53:18.776Z" },
    { url = "https://files.pythonhosted.org/packages/bb/b1/437bf874904cf550d6e0cf3c2cf6a7822e3479dc57e7edeb5c44caf16b9b/prek-0.2.18-py3-none-manylinux_2_28_aarch64.whl", hash = "sha256:2cb65df949aa974af151ffaf2543a02d00d120d3e47d0073b1173ff9f5c76242", size = 4704748, upload-time = "2025-11-21T12:53:20.035Z" },
    { url = "https://files.pythonhosted.org/packages/43/d9/49e18569ec9cbe1c642ec0cfb4666dfe43039c4b622d32ed19ab28699773/prek-0.2.18-py3-none-manylinux_2_31_riscv64.whl", hash = "sha256:e073cc9e09d5131b7ad04f0a4684be09bcc9cb382792c287df13b222aeeb4abf", size = 4714932, upload-time = "2025-11-21T12:53:21.316Z" },
    { url = "https://files.pythonhosted.org/packages/0e/46/6cbd9a18218bbf90680ee105f019e9d5912b66c1ff9b59bfc20a0dc2ef4c/prek-0.2.18-py3-none-musllinux_1_1_armv7l.whl", hash = "sha256:f01f92557e8bcc8f76f0354758c8903c19e4f95a49f16085f914e94c06414403", size = 4601958, upload-time = "2025-11-21T12:53:22.762Z" },
    { url = "https://files.pythonhosted.org/packages/07/e0/2cc64269e7dbac0748a8995e5ee9d443d06c82735dd0a11ba266d33fc302/prek-0.2.18-py3-none-musllinux_1_1_i686.whl", hash = "sha256:4035b637b4d738da05cf08bb110376fc5f9f8d88c30ac251440c52d3242ea906", size = 4792843, upload-time = "2025-11-21T12:53:24.011Z" },
    { url = "https://files.pythonhosted.org/packages/37/12/465d2b96529c45d9ce6ae281a99c5c482b8ef60f735cd0302002849ab9c7/prek-0.2.18-py3-none-musllinux_1_1_x86_64.whl", hash = "sha256:818571df61182491e3f08b5928f37d0325cad1f343aad9c276a482a3b9c4563a", size = 5062339, upload-time = "2025-11-21T12:53:25.481Z" },
    { url = "https://files.pythonhosted.org/packages/31/75/520db7fc842df383fee043f72d67fe38042495ab1ec6f644d751945ddbad/prek-0.2.18-py3-none-win32.whl", hash = "sha256:1988c5957087275008a5fa9b8d0f4e2461d64d8f54a6c59bd0a14dfee310fefc", size = 4445285, upload-time = "2025-11-21T12:53:26.722Z" },
    { url = "https://files.pythonhosted.org/packages/ca/0c/16e91a5547b78f006ab0b9b4ef1508ac43344d21db9e92a41bbd08d48208/prek-0.2.18-py3-none-win_amd64.whl", hash = "sha256:64eddbb515723785c129c2ebe6a778358b8db27650879bf82fbd683eac08f504", size = 5120874, upload-time = "2025-11-21T12:53:28.053Z" },
    { url = "https://files.pythonhosted.org/packages/70/4f/76662876895476fd0bfc8a64d265226c24615c0d973d602d416e99cb20c4/prek-0.2.18-py3-none-win_arm64.whl", hash = "sha256:cb541a8a87b50ea9562e909f51f86b2fb77a6d21df6985237ecfe50743bd9f6f", size = 4804209, upload-time = "2025-11-21T12:53:29.623Z" },
]

[[package]]
name = "pygments"
version = "2.19.2"
source = { registry = "https://pypi.org/simple" }
sdist = { url = "https://files.pythonhosted.org/packages/b0/77/a5b8c569bf593b0140bde72ea885a803b82086995367bf2037de0159d924/pygments-2.19.2.tar.gz", hash = "sha256:636cb2477cec7f8952536970bc533bc43743542f70392ae026374600add5b887", size = 4968631, upload-time = "2025-06-21T13:39:12.283Z" }
wheels = [
    { url = "https://files.pythonhosted.org/packages/c7/21/705964c7812476f378728bdf590ca4b771ec72385c533964653c68e86bdc/pygments-2.19.2-py3-none-any.whl", hash = "sha256:86540386c03d588bb81d44bc3928634ff26449851e99741617ecb9037ee5ec0b", size = 1225217, upload-time = "2025-06-21T13:39:07.939Z" },
]

[[package]]
name = "pytest"
version = "9.0.1"
source = { registry = "https://pypi.org/simple" }
dependencies = [
    { name = "colorama", marker = "sys_platform == 'win32'" },
    { name = "iniconfig" },
    { name = "packaging" },
    { name = "pluggy" },
    { name = "pygments" },
]
sdist = { url = "https://files.pythonhosted.org/packages/07/56/f013048ac4bc4c1d9be45afd4ab209ea62822fb1598f40687e6bf45dcea4/pytest-9.0.1.tar.gz", hash = "sha256:3e9c069ea73583e255c3b21cf46b8d3c56f6e3a1a8f6da94ccb0fcf57b9d73c8", size = 1564125, upload-time = "2025-11-12T13:05:09.333Z" }
wheels = [
    { url = "https://files.pythonhosted.org/packages/0b/8b/6300fb80f858cda1c51ffa17075df5d846757081d11ab4aa35cef9e6258b/pytest-9.0.1-py3-none-any.whl", hash = "sha256:67be0030d194df2dfa7b556f2e56fb3c3315bd5c8822c6951162b92b32ce7dad", size = 373668, upload-time = "2025-11-12T13:05:07.379Z" },
]

[[package]]
name = "pytest-cov"
version = "7.0.0"
source = { registry = "https://pypi.org/simple" }
dependencies = [
    { name = "coverage" },
    { name = "pluggy" },
    { name = "pytest" },
]
sdist = { url = "https://files.pythonhosted.org/packages/5e/f7/c933acc76f5208b3b00089573cf6a2bc26dc80a8aece8f52bb7d6b1855ca/pytest_cov-7.0.0.tar.gz", hash = "sha256:33c97eda2e049a0c5298e91f519302a1334c26ac65c1a483d6206fd458361af1", size = 54328, upload-time = "2025-09-09T10:57:02.113Z" }
wheels = [
    { url = "https://files.pythonhosted.org/packages/ee/49/1377b49de7d0c1ce41292161ea0f721913fa8722c19fb9c1e3aa0367eecb/pytest_cov-7.0.0-py3-none-any.whl", hash = "sha256:3b8e9558b16cc1479da72058bdecf8073661c7f57f7d3c5f22a1c23507f2d861", size = 22424, upload-time = "2025-09-09T10:57:00.695Z" },
]

[[package]]
name = "pytest-mock"
version = "3.15.1"
source = { registry = "https://pypi.org/simple" }
dependencies = [
    { name = "pytest" },
]
sdist = { url = "https://files.pythonhosted.org/packages/68/14/eb014d26be205d38ad5ad20d9a80f7d201472e08167f0bb4361e251084a9/pytest_mock-3.15.1.tar.gz", hash = "sha256:1849a238f6f396da19762269de72cb1814ab44416fa73a8686deac10b0d87a0f", size = 34036, upload-time = "2025-09-16T16:37:27.081Z" }
wheels = [
    { url = "https://files.pythonhosted.org/packages/5a/cc/06253936f4a7fa2e0f48dfe6d851d9c56df896a9ab09ac019d70b760619c/pytest_mock-3.15.1-py3-none-any.whl", hash = "sha256:0a25e2eb88fe5168d535041d09a4529a188176ae608a6d249ee65abc0949630d", size = 10095, upload-time = "2025-09-16T16:37:25.734Z" },
]

[[package]]
name = "pyyaml"
version = "6.0.3"
source = { registry = "https://pypi.org/simple" }
sdist = { url = "https://files.pythonhosted.org/packages/05/8e/961c0007c59b8dd7729d542c61a4d537767a59645b82a0b521206e1e25c2/pyyaml-6.0.3.tar.gz", hash = "sha256:d76623373421df22fb4cf8817020cbb7ef15c725b9d5e45f17e189bfc384190f", size = 130960, upload-time = "2025-09-25T21:33:16.546Z" }
wheels = [
    { url = "https://files.pythonhosted.org/packages/9d/8c/f4bd7f6465179953d3ac9bc44ac1a8a3e6122cf8ada906b4f96c60172d43/pyyaml-6.0.3-cp314-cp314-macosx_10_13_x86_64.whl", hash = "sha256:8d1fab6bb153a416f9aeb4b8763bc0f22a5586065f86f7664fc23339fc1c1fac", size = 181814, upload-time = "2025-09-25T21:32:35.712Z" },
    { url = "https://files.pythonhosted.org/packages/bd/9c/4d95bb87eb2063d20db7b60faa3840c1b18025517ae857371c4dd55a6b3a/pyyaml-6.0.3-cp314-cp314-macosx_11_0_arm64.whl", hash = "sha256:34d5fcd24b8445fadc33f9cf348c1047101756fd760b4dacb5c3e99755703310", size = 173809, upload-time = "2025-09-25T21:32:36.789Z" },
    { url = "https://files.pythonhosted.org/packages/92/b5/47e807c2623074914e29dabd16cbbdd4bf5e9b2db9f8090fa64411fc5382/pyyaml-6.0.3-cp314-cp314-manylinux2014_aarch64.manylinux_2_17_aarch64.manylinux_2_28_aarch64.whl", hash = "sha256:501a031947e3a9025ed4405a168e6ef5ae3126c59f90ce0cd6f2bfc477be31b7", size = 766454, upload-time = "2025-09-25T21:32:37.966Z" },
    { url = "https://files.pythonhosted.org/packages/02/9e/e5e9b168be58564121efb3de6859c452fccde0ab093d8438905899a3a483/pyyaml-6.0.3-cp314-cp314-manylinux2014_s390x.manylinux_2_17_s390x.manylinux_2_28_s390x.whl", hash = "sha256:b3bc83488de33889877a0f2543ade9f70c67d66d9ebb4ac959502e12de895788", size = 836355, upload-time = "2025-09-25T21:32:39.178Z" },
    { url = "https://files.pythonhosted.org/packages/88/f9/16491d7ed2a919954993e48aa941b200f38040928474c9e85ea9e64222c3/pyyaml-6.0.3-cp314-cp314-manylinux2014_x86_64.manylinux_2_17_x86_64.manylinux_2_28_x86_64.whl", hash = "sha256:c458b6d084f9b935061bc36216e8a69a7e293a2f1e68bf956dcd9e6cbcd143f5", size = 794175, upload-time = "2025-09-25T21:32:40.865Z" },
    { url = "https://files.pythonhosted.org/packages/dd/3f/5989debef34dc6397317802b527dbbafb2b4760878a53d4166579111411e/pyyaml-6.0.3-cp314-cp314-musllinux_1_2_aarch64.whl", hash = "sha256:7c6610def4f163542a622a73fb39f534f8c101d690126992300bf3207eab9764", size = 755228, upload-time = "2025-09-25T21:32:42.084Z" },
    { url = "https://files.pythonhosted.org/packages/d7/ce/af88a49043cd2e265be63d083fc75b27b6ed062f5f9fd6cdc223ad62f03e/pyyaml-6.0.3-cp314-cp314-musllinux_1_2_x86_64.whl", hash = "sha256:5190d403f121660ce8d1d2c1bb2ef1bd05b5f68533fc5c2ea899bd15f4399b35", size = 789194, upload-time = "2025-09-25T21:32:43.362Z" },
    { url = "https://files.pythonhosted.org/packages/23/20/bb6982b26a40bb43951265ba29d4c246ef0ff59c9fdcdf0ed04e0687de4d/pyyaml-6.0.3-cp314-cp314-win_amd64.whl", hash = "sha256:4a2e8cebe2ff6ab7d1050ecd59c25d4c8bd7e6f400f5f82b96557ac0abafd0ac", size = 156429, upload-time = "2025-09-25T21:32:57.844Z" },
    { url = "https://files.pythonhosted.org/packages/f4/f4/a4541072bb9422c8a883ab55255f918fa378ecf083f5b85e87fc2b4eda1b/pyyaml-6.0.3-cp314-cp314-win_arm64.whl", hash = "sha256:93dda82c9c22deb0a405ea4dc5f2d0cda384168e466364dec6255b293923b2f3", size = 143912, upload-time = "2025-09-25T21:32:59.247Z" },
    { url = "https://files.pythonhosted.org/packages/7c/f9/07dd09ae774e4616edf6cda684ee78f97777bdd15847253637a6f052a62f/pyyaml-6.0.3-cp314-cp314t-macosx_10_13_x86_64.whl", hash = "sha256:02893d100e99e03eda1c8fd5c441d8c60103fd175728e23e431db1b589cf5ab3", size = 189108, upload-time = "2025-09-25T21:32:44.377Z" },
    { url = "https://files.pythonhosted.org/packages/4e/78/8d08c9fb7ce09ad8c38ad533c1191cf27f7ae1effe5bb9400a46d9437fcf/pyyaml-6.0.3-cp314-cp314t-macosx_11_0_arm64.whl", hash = "sha256:c1ff362665ae507275af2853520967820d9124984e0f7466736aea23d8611fba", size = 183641, upload-time = "2025-09-25T21:32:45.407Z" },
    { url = "https://files.pythonhosted.org/packages/7b/5b/3babb19104a46945cf816d047db2788bcaf8c94527a805610b0289a01c6b/pyyaml-6.0.3-cp314-cp314t-manylinux2014_aarch64.manylinux_2_17_aarch64.manylinux_2_28_aarch64.whl", hash = "sha256:6adc77889b628398debc7b65c073bcb99c4a0237b248cacaf3fe8a557563ef6c", size = 831901, upload-time = "2025-09-25T21:32:48.83Z" },
    { url = "https://files.pythonhosted.org/packages/8b/cc/dff0684d8dc44da4d22a13f35f073d558c268780ce3c6ba1b87055bb0b87/pyyaml-6.0.3-cp314-cp314t-manylinux2014_s390x.manylinux_2_17_s390x.manylinux_2_28_s390x.whl", hash = "sha256:a80cb027f6b349846a3bf6d73b5e95e782175e52f22108cfa17876aaeff93702", size = 861132, upload-time = "2025-09-25T21:32:50.149Z" },
    { url = "https://files.pythonhosted.org/packages/b1/5e/f77dc6b9036943e285ba76b49e118d9ea929885becb0a29ba8a7c75e29fe/pyyaml-6.0.3-cp314-cp314t-manylinux2014_x86_64.manylinux_2_17_x86_64.manylinux_2_28_x86_64.whl", hash = "sha256:00c4bdeba853cc34e7dd471f16b4114f4162dc03e6b7afcc2128711f0eca823c", size = 839261, upload-time = "2025-09-25T21:32:51.808Z" },
    { url = "https://files.pythonhosted.org/packages/ce/88/a9db1376aa2a228197c58b37302f284b5617f56a5d959fd1763fb1675ce6/pyyaml-6.0.3-cp314-cp314t-musllinux_1_2_aarch64.whl", hash = "sha256:66e1674c3ef6f541c35191caae2d429b967b99e02040f5ba928632d9a7f0f065", size = 805272, upload-time = "2025-09-25T21:32:52.941Z" },
    { url = "https://files.pythonhosted.org/packages/da/92/1446574745d74df0c92e6aa4a7b0b3130706a4142b2d1a5869f2eaa423c6/pyyaml-6.0.3-cp314-cp314t-musllinux_1_2_x86_64.whl", hash = "sha256:16249ee61e95f858e83976573de0f5b2893b3677ba71c9dd36b9cf8be9ac6d65", size = 829923, upload-time = "2025-09-25T21:32:54.537Z" },
    { url = "https://files.pythonhosted.org/packages/f0/7a/1c7270340330e575b92f397352af856a8c06f230aa3e76f86b39d01b416a/pyyaml-6.0.3-cp314-cp314t-win_amd64.whl", hash = "sha256:4ad1906908f2f5ae4e5a8ddfce73c320c2a1429ec52eafd27138b7f1cbe341c9", size = 174062, upload-time = "2025-09-25T21:32:55.767Z" },
    { url = "https://files.pythonhosted.org/packages/f1/12/de94a39c2ef588c7e6455cfbe7343d3b2dc9d6b6b2f40c4c6565744c873d/pyyaml-6.0.3-cp314-cp314t-win_arm64.whl", hash = "sha256:ebc55a14a21cb14062aa4162f906cd962b28e2e9ea38f9b4391244cd8de4ae0b", size = 149341, upload-time = "2025-09-25T21:32:56.828Z" },
]

[[package]]
name = "rich"
version = "14.2.0"
source = { registry = "https://pypi.org/simple" }
dependencies = [
    { name = "markdown-it-py" },
    { name = "pygments" },
]
sdist = { url = "https://files.pythonhosted.org/packages/fb/d2/8920e102050a0de7bfabeb4c4614a49248cf8d5d7a8d01885fbb24dc767a/rich-14.2.0.tar.gz", hash = "sha256:73ff50c7c0c1c77c8243079283f4edb376f0f6442433aecb8ce7e6d0b92d1fe4", size = 219990, upload-time = "2025-10-09T14:16:53.064Z" }
wheels = [
    { url = "https://files.pythonhosted.org/packages/25/7a/b0178788f8dc6cafce37a212c99565fa1fe7872c70c6c9c1e1a372d9d88f/rich-14.2.0-py3-none-any.whl", hash = "sha256:76bc51fe2e57d2b1be1f96c524b890b816e334ab4c1e45888799bfaab0021edd", size = 243393, upload-time = "2025-10-09T14:16:51.245Z" },
]

[[package]]
name = "rich-rst"
version = "1.3.2"
source = { registry = "https://pypi.org/simple" }
dependencies = [
    { name = "docutils" },
    { name = "rich" },
]
sdist = { url = "https://files.pythonhosted.org/packages/bc/6d/a506aaa4a9eaa945ed8ab2b7347859f53593864289853c5d6d62b77246e0/rich_rst-1.3.2.tar.gz", hash = "sha256:a1196fdddf1e364b02ec68a05e8ff8f6914fee10fbca2e6b6735f166bb0da8d4", size = 14936, upload-time = "2025-10-14T16:49:45.332Z" }
wheels = [
    { url = "https://files.pythonhosted.org/packages/13/2f/b4530fbf948867702d0a3f27de4a6aab1d156f406d72852ab902c4d04de9/rich_rst-1.3.2-py3-none-any.whl", hash = "sha256:a99b4907cbe118cf9d18b0b44de272efa61f15117c61e39ebdc431baf5df722a", size = 12567, upload-time = "2025-10-14T16:49:42.953Z" },
]

[[package]]
name = "rig"
version = "0.1.0"
source = { editable = "." }
dependencies = [
    { name = "cyclopts" },
    { name = "rich" },
]

[package.dev-dependencies]
dev = [
    { name = "basedpyright" },
    { name = "codespell" },
    { name = "hypothesis" },
    { name = "prek" },
    { name = "pytest" },
    { name = "pytest-cov" },
    { name = "pytest-mock" },
    { name = "ruff" },
    { name = "yamllint" },
]

[package.metadata]
requires-dist = [
    { name = "cyclopts", specifier = ">=4.3.0" },
    { name = "rich", specifier = ">=14.2.0" },
]

[package.metadata.requires-dev]
dev = [
    { name = "basedpyright", specifier = ">=1.32.1" },
    { name = "codespell", specifier = ">=2.4.1" },
    { name = "hypothesis", specifier = ">=6.132.0" },
    { name = "prek", specifier = ">=0.2.12" },
    { name = "pytest", specifier = ">=8.4.2" },
    { name = "pytest-cov", specifier = ">=7.0.0" },
    { name = "pytest-mock", specifier = ">=3.15.1" },
    { name = "ruff", specifier = ">=0.14.3" },
    { name = "yamllint", specifier = ">=1.37.1" },
]

[[package]]
name = "ruff"
version = "0.14.6"
source = { registry = "https://pypi.org/simple" }
sdist = { url = "https://files.pythonhosted.org/packages/52/f0/62b5a1a723fe183650109407fa56abb433b00aa1c0b9ba555f9c4efec2c6/ruff-0.14.6.tar.gz", hash = "sha256:6f0c742ca6a7783a736b867a263b9a7a80a45ce9bee391eeda296895f1b4e1cc", size = 5669501, upload-time = "2025-11-21T14:26:17.903Z" }
wheels = [
    { url = "https://files.pythonhosted.org/packages/67/d2/7dd544116d107fffb24a0064d41a5d2ed1c9d6372d142f9ba108c8e39207/ruff-0.14.6-py3-none-linux_armv6l.whl", hash = "sha256:d724ac2f1c240dbd01a2ae98db5d1d9a5e1d9e96eba999d1c48e30062df578a3", size = 13326119, upload-time = "2025-11-21T14:25:24.2Z" },
    { url = "https://files.pythonhosted.org/packages/36/6a/ad66d0a3315d6327ed6b01f759d83df3c4d5f86c30462121024361137b6a/ruff-0.14.6-py3-none-macosx_10_12_x86_64.whl", hash = "sha256:9f7539ea257aa4d07b7ce87aed580e485c40143f2473ff2f2b75aee003186004", size = 13526007, upload-time = "2025-11-21T14:25:26.906Z" },
    { url = "https://files.pythonhosted.org/packages/a3/9d/dae6db96df28e0a15dea8e986ee393af70fc97fd57669808728080529c37/ruff-0.14.6-py3-none-macosx_11_0_arm64.whl", hash = "sha256:7f6007e55b90a2a7e93083ba48a9f23c3158c433591c33ee2e99a49b889c6332", size = 12676572, upload-time = "2025-11-21T14:25:29.826Z" },
    { url = "https://files.pythonhosted.org/packages/76/a4/f319e87759949062cfee1b26245048e92e2acce900ad3a909285f9db1859/ruff-0.14.6-py3-none-manylinux_2_17_aarch64.manylinux2014_aarch64.whl", hash = "sha256:0a8e7b9d73d8728b68f632aa8e824ef041d068d231d8dbc7808532d3629a6bef", size = 13140745, upload-time = "2025-11-21T14:25:32.788Z" },
    { url = "https://files.pythonhosted.org/packages/95/d3/248c1efc71a0a8ed4e8e10b4b2266845d7dfc7a0ab64354afe049eaa1310/ruff-0.14.6-py3-none-manylinux_2_17_armv7l.manylinux2014_armv7l.whl", hash = "sha256:d50d45d4553a3ebcbd33e7c5e0fe6ca4aafd9a9122492de357205c2c48f00775", size = 13076486, upload-time = "2025-11-21T14:25:35.601Z" },
    { url = "https://files.pythonhosted.org/packages/a5/19/b68d4563fe50eba4b8c92aa842149bb56dd24d198389c0ed12e7faff4f7d/ruff-0.14.6-py3-none-manylinux_2_17_i686.manylinux2014_i686.whl", hash = "sha256:118548dd121f8a21bfa8ab2c5b80e5b4aed67ead4b7567790962554f38e598ce", size = 13727563, upload-time = "2025-11-21T14:25:38.514Z" },
    { url = "https://files.pythonhosted.org/packages/47/ac/943169436832d4b0e867235abbdb57ce3a82367b47e0280fa7b4eabb7593/ruff-0.14.6-py3-none-manylinux_2_17_ppc64.manylinux2014_ppc64.whl", hash = "sha256:57256efafbfefcb8748df9d1d766062f62b20150691021f8ab79e2d919f7c11f", size = 15199755, upload-time = "2025-11-21T14:25:41.516Z" },
    { url = "https://files.pythonhosted.org/packages/c9/b9/288bb2399860a36d4bb0541cb66cce3c0f4156aaff009dc8499be0c24bf2/ruff-0.14.6-py3-none-manylinux_2_17_ppc64le.manylinux2014_ppc64le.whl", hash = "sha256:ff18134841e5c68f8e5df1999a64429a02d5549036b394fafbe410f886e1989d", size = 14850608, upload-time = "2025-11-21T14:25:44.428Z" },
    { url = "https://files.pythonhosted.org/packages/ee/b1/a0d549dd4364e240f37e7d2907e97ee80587480d98c7799d2d8dc7a2f605/ruff-0.14.6-py3-none-manylinux_2_17_s390x.manylinux2014_s390x.whl", hash = "sha256:29c4b7ec1e66a105d5c27bd57fa93203637d66a26d10ca9809dc7fc18ec58440", size = 14118754, upload-time = "2025-11-21T14:25:47.214Z" },
    { url = "https://files.pythonhosted.org/packages/13/ac/9b9fe63716af8bdfddfacd0882bc1586f29985d3b988b3c62ddce2e202c3/ruff-0.14.6-py3-none-manylinux_2_17_x86_64.manylinux2014_x86_64.whl", hash = "sha256:167843a6f78680746d7e226f255d920aeed5e4ad9c03258094a2d49d3028b105", size = 13949214, upload-time = "2025-11-21T14:25:50.002Z" },
    { url = "https://files.pythonhosted.org/packages/12/27/4dad6c6a77fede9560b7df6802b1b697e97e49ceabe1f12baf3ea20862e9/ruff-0.14.6-py3-none-manylinux_2_31_riscv64.whl", hash = "sha256:16a33af621c9c523b1ae006b1b99b159bf5ac7e4b1f20b85b2572455018e0821", size = 14106112, upload-time = "2025-11-21T14:25:52.841Z" },
    { url = "https://files.pythonhosted.org/packages/6a/db/23e322d7177873eaedea59a7932ca5084ec5b7e20cb30f341ab594130a71/ruff-0.14.6-py3-none-musllinux_1_2_aarch64.whl", hash = "sha256:1432ab6e1ae2dc565a7eea707d3b03a0c234ef401482a6f1621bc1f427c2ff55", size = 13035010, upload-time = "2025-11-21T14:25:55.536Z" },
    { url = "https://files.pythonhosted.org/packages/a8/9c/20e21d4d69dbb35e6a1df7691e02f363423658a20a2afacf2a2c011800dc/ruff-0.14.6-py3-none-musllinux_1_2_armv7l.whl", hash = "sha256:4c55cfbbe7abb61eb914bfd20683d14cdfb38a6d56c6c66efa55ec6570ee4e71", size = 13054082, upload-time = "2025-11-21T14:25:58.625Z" },
    { url = "https://files.pythonhosted.org/packages/66/25/906ee6a0464c3125c8d673c589771a974965c2be1a1e28b5c3b96cb6ef88/ruff-0.14.6-py3-none-musllinux_1_2_i686.whl", hash = "sha256:efea3c0f21901a685fff4befda6d61a1bf4cb43de16da87e8226a281d614350b", size = 13303354, upload-time = "2025-11-21T14:26:01.816Z" },
    { url = "https://files.pythonhosted.org/packages/4c/58/60577569e198d56922b7ead07b465f559002b7b11d53f40937e95067ca1c/ruff-0.14.6-py3-none-musllinux_1_2_x86_64.whl", hash = "sha256:344d97172576d75dc6afc0e9243376dbe1668559c72de1864439c4fc95f78185", size = 14054487, upload-time = "2025-11-21T14:26:05.058Z" },
    { url = "https://files.pythonhosted.org/packages/67/0b/8e4e0639e4cc12547f41cb771b0b44ec8225b6b6a93393176d75fe6f7d40/ruff-0.14.6-py3-none-win32.whl", hash = "sha256:00169c0c8b85396516fdd9ce3446c7ca20c2a8f90a77aa945ba6b8f2bfe99e85", size = 13013361, upload-time = "2025-11-21T14:26:08.152Z" },
    { url = "https://files.pythonhosted.org/packages/fb/02/82240553b77fd1341f80ebb3eaae43ba011c7a91b4224a9f317d8e6591af/ruff-0.14.6-py3-none-win_amd64.whl", hash = "sha256:390e6480c5e3659f8a4c8d6a0373027820419ac14fa0d2713bd8e6c3e125b8b9", size = 14432087, upload-time = "2025-11-21T14:26:10.891Z" },
    { url = "https://files.pythonhosted.org/packages/a5/1f/93f9b0fad9470e4c829a5bb678da4012f0c710d09331b860ee555216f4ea/ruff-0.14.6-py3-none-win_arm64.whl", hash = "sha256:d43c81fbeae52cfa8728d8766bbf46ee4298c888072105815b392da70ca836b2", size = 13520930, upload-time = "2025-11-21T14:26:13.951Z" },
]

[[package]]
name = "sortedcontainers"
version = "2.4.0"
source = { registry = "https://pypi.org/simple" }
sdist = { url = "https://files.pythonhosted.org/packages/e8/c4/ba2f8066cceb6f23394729afe52f3bf7adec04bf9ed2c820b39e19299111/sortedcontainers-2.4.0.tar.gz", hash = "sha256:25caa5a06cc30b6b83d11423433f65d1f9d76c4c6a0c90e3379eaa43b9bfdb88", size = 30594, upload-time = "2021-05-16T22:03:42.897Z" }
wheels = [
    { url = "https://files.pythonhosted.org/packages/32/46/9cb0e58b2deb7f82b84065f37f3bffeb12413f947f9388e4cac22c4621ce/sortedcontainers-2.4.0-py2.py3-none-any.whl", hash = "sha256:a163dcaede0f1c021485e957a39245190e74249897e2ae4b2aa38595db237ee0", size = 29575, upload-time = "2021-05-16T22:03:41.177Z" },
]

[[package]]
name = "yamllint"
version = "1.37.1"
source = { registry = "https://pypi.org/simple" }
dependencies = [
    { name = "pathspec" },
    { name = "pyyaml" },
]
sdist = { url = "https://files.pythonhosted.org/packages/46/f2/cd8b7584a48ee83f0bc94f8a32fea38734cefcdc6f7324c4d3bfc699457b/yamllint-1.37.1.tar.gz", hash = "sha256:81f7c0c5559becc8049470d86046b36e96113637bcbe4753ecef06977c00245d", size = 141613, upload-time = "2025-05-04T08:25:54.355Z" }
wheels = [
    { url = "https://files.pythonhosted.org/packages/dd/b9/be7a4cfdf47e03785f657f94daea8123e838d817be76c684298305bd789f/yamllint-1.37.1-py3-none-any.whl", hash = "sha256:364f0d79e81409f591e323725e6a9f4504c8699ddf2d7263d8d2b539cd66a583", size = 68813, upload-time = "2025-05-04T08:25:52.552Z" },
]
